
Microsoft Visual Studio Solution File, Format Version 12.00
# Visual Studio Version 16
VisualStudioVersion = 16.0.30523.141
MinimumVisualStudioVersion = 10.0.40219.1
Project("{FAE04EC0-301F-11D3-BF4B-00C04F79EFBC}") = "Chiperi_Geanina_Lab10.Android", "Chiperi_Geanina_Lab10.Android\Chiperi_Geanina_Lab10.Android.csproj", "{35A6E230-7311-44D7-A3EB-B182BCE55EC3}"
EndProject
Project("{FAE04EC0-301F-11D3-BF4B-00C04F79EFBC}") = "Chiperi_Geanina_Lab10.iOS", "Chiperi_Geanina_Lab10.iOS\Chiperi_Geanina_Lab10.iOS.csproj", "{0C752F96-6A6E-411D-A584-C100D4411769}"
EndProject
Project("{FAE04EC0-301F-11D3-BF4B-00C04F79EFBC}") = "Chiperi_Geanina_Lab10", "Chiperi_Geanina_Lab10\Chiperi_Geanina_Lab10.csproj", "{315EB11D-215A-42F7-AD96-FBF8A3E01D98}"
EndProject
Global
	GlobalSection(SolutionConfigurationPlatforms) = preSolution
		Debug|Any CPU = Debug|Any CPU
		Debug|iPhone = Debug|iPhone
		Debug|iPhoneSimulator = Debug|iPhoneSimulator
		Release|Any CPU = Release|Any CPU
		Release|iPhone = Release|iPhone
		Release|iPhoneSimulator = Release|iPhoneSimulator
	EndGlobalSection
	GlobalSection(ProjectConfigurationPlatforms) = postSolution
		{35A6E230-7311-44D7-A3EB-B182BCE55EC3}.Debug|Any CPU.ActiveCfg = Debug|Any CPU
		{35A6E230-7311-44D7-A3EB-B182BCE55EC3}.Debug|Any CPU.Build.0 = Debug|Any CPU
		{35A6E230-7311-44D7-A3EB-B182BCE55EC3}.Debug|Any CPU.Deploy.0 = Debug|Any CPU
		{35A6E230-7311-44D7-A3EB-B182BCE55EC3}.Debug|iPhone.ActiveCfg = Debug|Any CPU
		{35A6E230-7311-44D7-A3EB-B182BCE55EC3}.Debug|iPhone.Build.0 = Debug|Any CPU
		{35A6E230-7311-44D7-A3EB-B182BCE55EC3}.Debug|iPhone.Deploy.0 = Debug|Any CPU
		{35A6E230-7311-44D7-A3EB-B182BCE55EC3}.Debug|iPhoneSimulator.ActiveCfg = Debug|Any CPU
		{35A6E230-7311-44D7-A3EB-B182BCE55EC3}.Debug|iPhoneSimulator.Build.0 = Debug|Any CPU
		{35A6E230-7311-44D7-A3EB-B182BCE55EC3}.Debug|iPhoneSimulator.Deploy.0 = Debug|Any CPU
		{35A6E230-7311-44D7-A3EB-B182BCE55EC3}.Release|Any CPU.ActiveCfg = Release|Any CPU
		{35A6E230-7311-44D7-A3EB-B182BCE55EC3}.Release|Any CPU.Build.0 = Release|Any CPU
		{35A6E230-7311-44D7-A3EB-B182BCE55EC3}.Release|Any CPU.Deploy.0 = Release|Any CPU
		{35A6E230-7311-44D7-A3EB-B182BCE55EC3}.Release|iPhone.ActiveCfg = Release|Any CPU
		{35A6E230-7311-44D7-A3EB-B182BCE55EC3}.Release|iPhone.Build.0 = Release|Any CPU
		{35A6E230-7311-44D7-A3EB-B182BCE55EC3}.Release|iPhone.Deploy.0 = Release|Any CPU
		{35A6E230-7311-44D7-A3EB-B182BCE55EC3}.Release|iPhoneSimulator.ActiveCfg = Release|Any CPU
		{35A6E230-7311-44D7-A3EB-B182BCE55EC3}.Release|iPhoneSimulator.Build.0 = Release|Any CPU
		{35A6E230-7311-44D7-A3EB-B182BCE55EC3}.Release|iPhoneSimulator.Deploy.0 = Release|Any CPU
		{0C752F96-6A6E-411D-A584-C100D4411769}.Debug|Any CPU.ActiveCfg = Debug|iPhone
		{0C752F96-6A6E-411D-A584-C100D4411769}.Debug|Any CPU.Build.0 = Debug|iPhone
		{0C752F96-6A6E-411D-A584-C100D4411769}.Debug|Any CPU.Deploy.0 = Debug|iPhone
		{0C752F96-6A6E-411D-A584-C100D4411769}.Debug|iPhone.ActiveCfg = Debug|iPhone
		{0C752F96-6A6E-411D-A584-C100D4411769}.Debug|iPhone.Build.0 = Debug|iPhone
		{0C752F96-6A6E-411D-A584-C100D4411769}.Debug|iPhone.Deploy.0 = Debug|iPhone
		{0C752F96-6A6E-411D-A584-C100D4411769}.Debug|iPhoneSimulator.ActiveCfg = Debug|iPhoneSimulator
		{0C752F96-6A6E-411D-A584-C100D4411769}.Debug|iPhoneSimulator.Build.0 = Debug|iPhoneSimulator
		{0C752F96-6A6E-411D-A584-C100D4411769}.Debug|iPhoneSimulator.Deploy.0 = Debug|iPhoneSimulator
		{0C752F96-6A6E-411D-A584-C100D4411769}.Release|Any CPU.ActiveCfg = Release|iPhoneSimulator
		{0C752F96-6A6E-411D-A584-C100D4411769}.Release|Any CPU.Build.0 = Release|iPhoneSimulator
		{0C752F96-6A6E-411D-A584-C100D4411769}.Release|Any CPU.Deploy.0 = Release|iPhoneSimulator
		{0C752F96-6A6E-411D-A584-C100D4411769}.Release|iPhone.ActiveCfg = Release|iPhone
		{0C752F96-6A6E-411D-A584-C100D4411769}.Release|iPhone.Build.0 = Release|iPhone
		{0C752F96-6A6E-411D-A584-C100D4411769}.Release|iPhone.Deploy.0 = Release|iPhone
		{0C752F96-6A6E-411D-A584-C100D4411769}.Release|iPhoneSimulator.ActiveCfg = Release|iPhoneSimulator
		{0C752F96-6A6E-411D-A584-C100D4411769}.Release|iPhoneSimulator.Build.0 = Release|iPhoneSimulator
		{0C752F96-6A6E-411D-A584-C100D4411769}.Release|iPhoneSimulator.Deploy.0 = Release|iPhoneSimulator
		{315EB11D-215A-42F7-AD96-FBF8A3E01D98}.Debug|Any CPU.ActiveCfg = Debug|Any CPU
		{315EB11D-215A-42F7-AD96-FBF8A3E01D98}.Debug|Any CPU.Build.0 = Debug|Any CPU
		{315EB11D-215A-42F7-AD96-FBF8A3E01D98}.Debug|Any CPU.Deploy.0 = Debug|Any CPU
		{315EB11D-215A-42F7-AD96-FBF8A3E01D98}.Debug|iPhone.ActiveCfg = Debug|Any CPU
		{315EB11D-215A-42F7-AD96-FBF8A3E01D98}.Debug|iPhone.Build.0 = Debug|Any CPU
		{315EB11D-215A-42F7-AD96-FBF8A3E01D98}.Debug|iPhone.Deploy.0 = Debug|Any CPU
		{315EB11D-215A-42F7-AD96-FBF8A3E01D98}.Debug|iPhoneSimulator.ActiveCfg = Debug|Any CPU
		{315EB11D-215A-42F7-AD96-FBF8A3E01D98}.Debug|iPhoneSimulator.Build.0 = Debug|Any CPU
		{315EB11D-215A-42F7-AD96-FBF8A3E01D98}.Debug|iPhoneSimulator.Deploy.0 = Debug|Any CPU
		{315EB11D-215A-42F7-AD96-FBF8A3E01D98}.Release|Any CPU.ActiveCfg = Release|Any CPU
		{315EB11D-215A-42F7-AD96-FBF8A3E01D98}.Release|Any CPU.Build.0 = Release|Any CPU
		{315EB11D-215A-42F7-AD96-FBF8A3E01D98}.Release|Any CPU.Deploy.0 = Release|Any CPU
		{315EB11D-215A-42F7-AD96-FBF8A3E01D98}.Release|iPhone.ActiveCfg = Release|Any CPU
		{315EB11D-215A-42F7-AD96-FBF8A3E01D98}.Release|iPhone.Build.0 = Release|Any CPU
		{315EB11D-215A-42F7-AD96-FBF8A3E01D98}.Release|iPhone.Deploy.0 = Release|Any CPU
		{315EB11D-215A-42F7-AD96-FBF8A3E01D98}.Release|iPhoneSimulator.ActiveCfg = Release|Any CPU
		{315EB11D-215A-42F7-AD96-FBF8A3E01D98}.Release|iPhoneSimulator.Build.0 = Release|Any CPU
		{315EB11D-215A-42F7-AD96-FBF8A3E01D98}.Release|iPhoneSimulator.Deploy.0 = Release|Any CPU
	EndGlobalSection
	GlobalSection(SolutionProperties) = preSolution
		HideSolutionNode = FALSE
	EndGlobalSection
	GlobalSection(ExtensibilityGlobals) = postSolution
		SolutionGuid = {91781C93-107A-4949-9CF3-F5D7702EF6C2}
	EndGlobalSection
EndGlobal
